
Microsoft Visual Studio Solution File, Format Version 12.00
# Visual Studio 14
VisualStudioVersion = 14.0.25420.1
MinimumVisualStudioVersion = 10.0.40219.1
Project("{2150E333-8FDC-42A3-9474-1A3956D46DE8}") = "src", "src", "{87E1DEC6-A253-4A92-B678-A113CDAF4F35}"
EndProject
Project("{2150E333-8FDC-42A3-9474-1A3956D46DE8}") = "Solution Items", "Solution Items", "{E97DFD91-8EE8-4B50-8CB8-0C8561CACB8E}"
	ProjectSection(SolutionItems) = preProject
		global.json = global.json
	EndProjectSection
EndProject
Project("{8BB2217D-0F2D-49D1-97BC-3654ED321F3B}") = "Classifier", "src\Classifier\Classifier.xproj", "{359413AA-04FE-4970-A255-7116102DFB7D}"
EndProject
Global
	GlobalSection(SolutionConfigurationPlatforms) = preSolution
		Debug|Any CPU = Debug|Any CPU
		Release|Any CPU = Release|Any CPU
	EndGlobalSection
	GlobalSection(ProjectConfigurationPlatforms) = postSolution
		{359413AA-04FE-4970-A255-7116102DFB7D}.Debug|Any CPU.ActiveCfg = Debug|Any CPU
		{359413AA-04FE-4970-A255-7116102DFB7D}.Debug|Any CPU.Build.0 = Debug|Any CPU
		{359413AA-04FE-4970-A255-7116102DFB7D}.Release|Any CPU.ActiveCfg = Release|Any CPU
		{359413AA-04FE-4970-A255-7116102DFB7D}.Release|Any CPU.Build.0 = Release|Any CPU
	EndGlobalSection
	GlobalSection(SolutionProperties) = preSolution
		HideSolutionNode = FALSE
	EndGlobalSection
	GlobalSection(NestedProjects) = preSolution
		{359413AA-04FE-4970-A255-7116102DFB7D} = {87E1DEC6-A253-4A92-B678-A113CDAF4F35}
	EndGlobalSection
EndGlobal
